
Microsoft Visual Studio Solution File, Format Version 12.00
# Visual Studio Version 16
VisualStudioVersion = 16.0.30804.86
MinimumVisualStudioVersion = 10.0.40219.1
Project("{9A19103F-16F7-4668-BE54-9A1E7A4F7556}") = "MKTFY", "MKTFY\MKTFY.csproj", "{9AFEAFBC-928C-472E-8B4F-176F9DED7F76}"
EndProject
Project("{E53339B2-1760-4266-BCC7-CA923CBCF16C}") = "docker-compose", "docker-compose.dcproj", "{38D57A4E-E9CC-4595-929A-CC33E30B6E0C}"
EndProject
Project("{9A19103F-16F7-4668-BE54-9A1E7A4F7556}") = "MKTFY.Models", "MKTFY.Models\MKTFY.Models.csproj", "{8C0C5CB8-39AA-475B-BC74-FD57F32429FA}"
EndProject
Project("{9A19103F-16F7-4668-BE54-9A1E7A4F7556}") = "MKTFY.App", "MKTFY.App\MKTFY.App.csproj", "{4DED47E8-AD83-42DE-89E7-A68F2EDBFE63}"
EndProject
Project("{9A19103F-16F7-4668-BE54-9A1E7A4F7556}") = "MKTFY.Auth", "MKTFY.Auth\MKTFY.Auth.csproj", "{5935A0F2-1D04-450D-9CEB-E1D5C03EFD98}"
EndProject
Project("{2150E333-8FDC-42A3-9474-1A3956D46DE8}") = "Solution Items", "Solution Items", "{F735B028-8F29-4092-A96C-99F2F25C4C7A}"
	ProjectSection(SolutionItems) = preProject
		buildspec.api.yml = buildspec.api.yml
		buildspec.auth.yml = buildspec.auth.yml
		Dockerrun.aws.api.json = Dockerrun.aws.api.json
		Dockerrun.aws.auth.json = Dockerrun.aws.auth.json
	EndProjectSection
EndProject
Global
	GlobalSection(SolutionConfigurationPlatforms) = preSolution
		Debug|Any CPU = Debug|Any CPU
		Release|Any CPU = Release|Any CPU
	EndGlobalSection
	GlobalSection(ProjectConfigurationPlatforms) = postSolution
		{9AFEAFBC-928C-472E-8B4F-176F9DED7F76}.Debug|Any CPU.ActiveCfg = Debug|Any CPU
		{9AFEAFBC-928C-472E-8B4F-176F9DED7F76}.Debug|Any CPU.Build.0 = Debug|Any CPU
		{9AFEAFBC-928C-472E-8B4F-176F9DED7F76}.Release|Any CPU.ActiveCfg = Release|Any CPU
		{9AFEAFBC-928C-472E-8B4F-176F9DED7F76}.Release|Any CPU.Build.0 = Release|Any CPU
		{38D57A4E-E9CC-4595-929A-CC33E30B6E0C}.Debug|Any CPU.ActiveCfg = Debug|Any CPU
		{38D57A4E-E9CC-4595-929A-CC33E30B6E0C}.Debug|Any CPU.Build.0 = Debug|Any CPU
		{38D57A4E-E9CC-4595-929A-CC33E30B6E0C}.Release|Any CPU.ActiveCfg = Release|Any CPU
		{38D57A4E-E9CC-4595-929A-CC33E30B6E0C}.Release|Any CPU.Build.0 = Release|Any CPU
		{8C0C5CB8-39AA-475B-BC74-FD57F32429FA}.Debug|Any CPU.ActiveCfg = Debug|Any CPU
		{8C0C5CB8-39AA-475B-BC74-FD57F32429FA}.Debug|Any CPU.Build.0 = Debug|Any CPU
		{8C0C5CB8-39AA-475B-BC74-FD57F32429FA}.Release|Any CPU.ActiveCfg = Release|Any CPU
		{8C0C5CB8-39AA-475B-BC74-FD57F32429FA}.Release|Any CPU.Build.0 = Release|Any CPU
		{4DED47E8-AD83-42DE-89E7-A68F2EDBFE63}.Debug|Any CPU.ActiveCfg = Debug|Any CPU
		{4DED47E8-AD83-42DE-89E7-A68F2EDBFE63}.Debug|Any CPU.Build.0 = Debug|Any CPU
		{4DED47E8-AD83-42DE-89E7-A68F2EDBFE63}.Release|Any CPU.ActiveCfg = Release|Any CPU
		{4DED47E8-AD83-42DE-89E7-A68F2EDBFE63}.Release|Any CPU.Build.0 = Release|Any CPU
		{5935A0F2-1D04-450D-9CEB-E1D5C03EFD98}.Debug|Any CPU.ActiveCfg = Debug|Any CPU
		{5935A0F2-1D04-450D-9CEB-E1D5C03EFD98}.Debug|Any CPU.Build.0 = Debug|Any CPU
		{5935A0F2-1D04-450D-9CEB-E1D5C03EFD98}.Release|Any CPU.ActiveCfg = Release|Any CPU
		{5935A0F2-1D04-450D-9CEB-E1D5C03EFD98}.Release|Any CPU.Build.0 = Release|Any CPU
	EndGlobalSection
	GlobalSection(SolutionProperties) = preSolution
		HideSolutionNode = FALSE
	EndGlobalSection
	GlobalSection(ExtensibilityGlobals) = postSolution
		SolutionGuid = {C1B3DA28-8357-4AB2-A281-81CBE5A58F78}
	EndGlobalSection
EndGlobal
